
Microsoft Visual Studio Solution File, Format Version 12.00
# Visual Studio Version 17
VisualStudioVersion = 17.1.32210.238
MinimumVisualStudioVersion = 10.0.40219.1
Project("{9A19103F-16F7-4668-BE54-9A1E7A4F7556}") = "KataEmployeeReportService", "KataEmployeeReportService\KataEmployeeReportService.csproj", "{19D8D33A-CD64-49DE-AE16-753F02D140E3}"
EndProject
Project("{9A19103F-16F7-4668-BE54-9A1E7A4F7556}") = "KataEmployeeReportService.Tests", "KataEmployeeReportService.Tests\KataEmployeeReportService.Tests.csproj", "{34A6C7F8-CEC9-4AA7-9749-1913C969F191}"
EndProject
Global
	GlobalSection(SolutionConfigurationPlatforms) = preSolution
		Debug|Any CPU = Debug|Any CPU
		Release|Any CPU = Release|Any CPU
	EndGlobalSection
	GlobalSection(ProjectConfigurationPlatforms) = postSolution
		{19D8D33A-CD64-49DE-AE16-753F02D140E3}.Debug|Any CPU.ActiveCfg = Debug|Any CPU
		{19D8D33A-CD64-49DE-AE16-753F02D140E3}.Debug|Any CPU.Build.0 = Debug|Any CPU
		{19D8D33A-CD64-49DE-AE16-753F02D140E3}.Release|Any CPU.ActiveCfg = Release|Any CPU
		{19D8D33A-CD64-49DE-AE16-753F02D140E3}.Release|Any CPU.Build.0 = Release|Any CPU
		{34A6C7F8-CEC9-4AA7-9749-1913C969F191}.Debug|Any CPU.ActiveCfg = Debug|Any CPU
		{34A6C7F8-CEC9-4AA7-9749-1913C969F191}.Debug|Any CPU.Build.0 = Debug|Any CPU
		{34A6C7F8-CEC9-4AA7-9749-1913C969F191}.Release|Any CPU.ActiveCfg = Release|Any CPU
		{34A6C7F8-CEC9-4AA7-9749-1913C969F191}.Release|Any CPU.Build.0 = Release|Any CPU
	EndGlobalSection
	GlobalSection(SolutionProperties) = preSolution
		HideSolutionNode = FALSE
	EndGlobalSection
	GlobalSection(ExtensibilityGlobals) = postSolution
		SolutionGuid = {53F3434C-0534-4F7D-BDE1-DD9DD811E9BA}
	EndGlobalSection
EndGlobal
